{
  "name": "webext-msgbus",
  "version": "0.0.3",
  "lockfileVersion": 3,
  "requires": true,
  "packages": {
    "": {
      "name": "webext-msgbus",
      "version": "0.0.3",
      "license": "MIT",
      "dependencies": {
        "serialize-error": "^12.0.0",
        "tiny-uid": "^1.1.2"
      },
      "devDependencies": {
        "@rslib/core": "^0.5.1",
        "@types/chrome": "^0.0.301",
        "@types/node": "^22.13.5",
        "typescript": "^5.7.3"
      }
    },
    "node_modules/@ast-grep/napi": {
      "version": "0.35.0",
      "resolved": "https://registry.npmjs.org/@ast-grep/napi/-/napi-0.35.0.tgz",
      "integrity": "sha512-3ucaaSxV6fxXoqHrE/rxAvP1THnDdY5jNzGlnvx+JvnY9C/dSRKc0jlRMRz59N3El572+/yNRUUpAV1T9aBJug==",
      "dev": true,
      "license": "MIT",
      "engines": {
        "node": ">= 10"
      },
      "optionalDependencies": {
        "@ast-grep/napi-darwin-arm64": "0.35.0",
        "@ast-grep/napi-darwin-x64": "0.35.0",
        "@ast-grep/napi-linux-arm64-gnu": "0.35.0",
        "@ast-grep/napi-linux-arm64-musl": "0.35.0",
        "@ast-grep/napi-linux-x64-gnu": "0.35.0",
        "@ast-grep/napi-linux-x64-musl": "0.35.0",
        "@ast-grep/napi-win32-arm64-msvc": "0.35.0",
        "@ast-grep/napi-win32-ia32-msvc": "0.35.0",
        "@ast-grep/napi-win32-x64-msvc": "0.35.0"
      }
    },
    "node_modules/@ast-grep/napi-darwin-arm64": {
      "version": "0.35.0",
      "resolved": "https://registry.npmjs.org/@ast-grep/napi-darwin-arm64/-/napi-darwin-arm64-0.35.0.tgz",
      "integrity": "sha512-T+MN4Oinc+sXjXCIHzfxDDWY7r2pKgPxM6zVeVlkMTrJV2mJtyKYBIS+CABhRM6kflps2T2I6l4DGaKV/8Ym9w==",
      "cpu": [
        "arm64"
      ],
      "dev": true,
      "license": "MIT",
      "optional": true,
      "os": [
        "darwin"
      ],
      "engines": {
        "node": ">= 10"
      }
    },
    "node_modules/@ast-grep/napi-darwin-x64": {
      "version": "0.35.0",
      "resolved": "https://registry.npmjs.org/@ast-grep/napi-darwin-x64/-/napi-darwin-x64-0.35.0.tgz",
      "integrity": "sha512-pEYiN6JI1HY2uWhMYJ9+3yIMyVYKuYdFzeD+dL7odA3qzK0o9N9AM3/NOt4ynU2EhufaWCJr0P5NoQ636qN6MQ==",
      "cpu": [
        "x64"
      ],
      "dev": true,
      "license": "MIT",
      "optional": true,
      "os": [
        "darwin"
      ],
      "engines": {
        "node": ">= 10"
      }
    },
    "node_modules/@ast-grep/napi-linux-arm64-gnu": {
      "version": "0.35.0",
      "resolved": "https://registry.npmjs.org/@ast-grep/napi-linux-arm64-gnu/-/napi-linux-arm64-gnu-0.35.0.tgz",
      "integrity": "sha512-NBuzQngABGKz7lhG08IQb+7nPqUx81Ol37xmS3ZhVSdSgM0mtp93rCbgFTkJcAFE8IMfCHQSg7G4g0Iotz4ABQ==",
      "cpu": [
        "arm64"
      ],
      "dev": true,
      "license": "MIT",
      "optional": true,
      "os": [
        "linux"
      ],
      "engines": {
        "node": ">= 10"
      }
    },
    "node_modules/@ast-grep/napi-linux-arm64-musl": {
      "version": "0.35.0",
      "resolved": "https://registry.npmjs.org/@ast-grep/napi-linux-arm64-musl/-/napi-linux-arm64-musl-0.35.0.tgz",
      "integrity": "sha512-1EcvHPwyWpCL/96LuItBYGfeI5FaMTRvL+dHbO/hL5q1npqbb5qn+ppJwtNOjTPz8tayvgggxVk9T4C2O7taYA==",
      "cpu": [
        "arm64"
      ],
      "dev": true,
      "license": "MIT",
      "optional": true,
      "os": [
        "linux"
      ],
      "engines": {
        "node": ">= 10"
      }
    },
    "node_modules/@ast-grep/napi-linux-x64-gnu": {
      "version": "0.35.0",
      "resolved": "https://registry.npmjs.org/@ast-grep/napi-linux-x64-gnu/-/napi-linux-x64-gnu-0.35.0.tgz",
      "integrity": "sha512-FDzNdlqmQnsiWXhnLxusw5AOfEcEM+5xtmrnAf3SBRFr86JyWD9qsynnFYC2pnP9hlMfifNH2TTmMpyGJW49Xw==",
      "cpu": [
        "x64"
      ],
      "dev": true,
      "license": "MIT",
      "optional": true,
      "os": [
        "linux"
      ],
      "engines": {
        "node": ">= 10"
      }
    },
    "node_modules/@ast-grep/napi-linux-x64-musl": {
      "version": "0.35.0",
      "resolved": "https://registry.npmjs.org/@ast-grep/napi-linux-x64-musl/-/napi-linux-x64-musl-0.35.0.tgz",
      "integrity": "sha512-wlmndjfBafT8u5p4DBnoRQyoCSGNuVSz7rT3TqhvlHcPzUouRWMn95epU9B1LNLyjXvr9xHeRjSktyCN28w57Q==",
      "cpu": [
        "x64"
      ],
      "dev": true,
      "license": "MIT",
      "optional": true,
      "os": [
        "linux"
      ],
      "engines": {
        "node": ">= 10"
      }
    },
    "node_modules/@ast-grep/napi-win32-arm64-msvc": {
      "version": "0.35.0",
      "resolved": "https://registry.npmjs.org/@ast-grep/napi-win32-arm64-msvc/-/napi-win32-arm64-msvc-0.35.0.tgz",
      "integrity": "sha512-gkhJeYc4rrZLX2icLxalPikTLMR57DuIYLwLr9g+StHYXIsGHrbfrE6Nnbdd8Izfs34ArFCrcwdaMrGlvOPSeg==",
      "cpu": [
        "arm64"
      ],
      "dev": true,
      "license": "MIT",
      "optional": true,
      "os": [
        "win32"
      ],
      "engines": {
        "node": ">= 10"
      }
    },
    "node_modules/@ast-grep/napi-win32-ia32-msvc": {
      "version": "0.35.0",
      "resolved": "https://registry.npmjs.org/@ast-grep/napi-win32-ia32-msvc/-/napi-win32-ia32-msvc-0.35.0.tgz",
      "integrity": "sha512-OdUuRa3chHCZ65y+qALfkUjz0W0Eg21YZ9TyPquV5why07M6HAK38mmYGzLxFH6294SvRQhs+FA/rAfbKeH0jA==",
      "cpu": [
        "ia32"
      ],
      "dev": true,
      "license": "MIT",
      "optional": true,
      "os": [
        "win32"
      ],
      "engines": {
        "node": ">= 10"
      }
    },
    "node_modules/@ast-grep/napi-win32-x64-msvc": {
      "version": "0.35.0",
      "resolved": "https://registry.npmjs.org/@ast-grep/napi-win32-x64-msvc/-/napi-win32-x64-msvc-0.35.0.tgz",
      "integrity": "sha512-pcQRUHqbroTN1oQ56V982a7IZTUUySQYWa2KEyksiifHGuBuitlzcyzFGjT96ThcqD9XW0UVJMvpoF2Qjh006Q==",
      "cpu": [
        "x64"
      ],
      "dev": true,
      "license": "MIT",
      "optional": true,
      "os": [
        "win32"
      ],
      "engines": {
        "node": ">= 10"
      }
    },
    "node_modules/@jridgewell/sourcemap-codec": {
      "version": "1.5.0",
      "resolved": "https://registry.npmjs.org/@jridgewell/sourcemap-codec/-/sourcemap-codec-1.5.0.tgz",
      "integrity": "sha512-gv3ZRaISU3fjPAgNsriBRqGWQL6quFx04YMPW/zD8XMLsU32mhCCbfbO6KZFLjvYpCZ8zyDEgqsgf+PwPaM7GQ==",
      "dev": true,
      "license": "MIT"
    },
    "node_modules/@module-federation/error-codes": {
      "version": "0.8.4",
      "resolved": "https://registry.npmjs.org/@module-federation/error-codes/-/error-codes-0.8.4.tgz",
      "integrity": "sha512-55LYmrDdKb4jt+qr8qE8U3al62ZANp3FhfVaNPOaAmdTh0jHdD8M3yf5HKFlr5xVkVO4eV/F/J2NCfpbh+pEXQ==",
      "dev": true,
      "license": "MIT"
    },
    "node_modules/@module-federation/runtime": {
      "version": "0.8.4",
      "resolved": "https://registry.npmjs.org/@module-federation/runtime/-/runtime-0.8.4.tgz",
      "integrity": "sha512-yZeZ7z2Rx4gv/0E97oLTF3V6N25vglmwXGgoeju/W2YjsFvWzVtCDI7zRRb0mJhU6+jmSM8jP1DeQGbea/AiZQ==",
      "dev": true,
      "license": "MIT",
      "dependencies": {
        "@module-federation/error-codes": "0.8.4",
        "@module-federation/sdk": "0.8.4"
      }
    },
    "node_modules/@module-federation/runtime-tools": {
      "version": "0.8.4",
      "resolved": "https://registry.npmjs.org/@module-federation/runtime-tools/-/runtime-tools-0.8.4.tgz",
      "integrity": "sha512-fjVOsItJ1u5YY6E9FnS56UDwZgqEQUrWFnouRiPtK123LUuqUI9FH4redZoKWlE1PB0ir1Z3tnqy8eFYzPO38Q==",
      "dev": true,
      "license": "MIT",
      "dependencies": {
        "@module-federation/runtime": "0.8.4",
        "@module-federation/webpack-bundler-runtime": "0.8.4"
      }
    },
    "node_modules/@module-federation/sdk": {
      "version": "0.8.4",
      "resolved": "https://registry.npmjs.org/@module-federation/sdk/-/sdk-0.8.4.tgz",
      "integrity": "sha512-waABomIjg/5m1rPDBWYG4KUhS5r7OUUY7S+avpaVIY/tkPWB3ibRDKy2dNLLAMaLKq0u+B1qIdEp4NIWkqhqpg==",
      "dev": true,
      "license": "MIT",
      "dependencies": {
        "isomorphic-rslog": "0.0.6"
      }
    },
    "node_modules/@module-federation/webpack-bundler-runtime": {
      "version": "0.8.4",
      "resolved": "https://registry.npmjs.org/@module-federation/webpack-bundler-runtime/-/webpack-bundler-runtime-0.8.4.tgz",
      "integrity": "sha512-HggROJhvHPUX7uqBD/XlajGygMNM1DG0+4OAkk8MBQe4a18QzrRNzZt6XQbRTSG4OaEoyRWhQHvYD3Yps405tQ==",
      "dev": true,
      "license": "MIT",
      "dependencies": {
        "@module-federation/runtime": "0.8.4",
        "@module-federation/sdk": "0.8.4"
      }
    },
    "node_modules/@rsbuild/core": {
      "version": "1.2.11",
      "resolved": "https://registry.npmjs.org/@rsbuild/core/-/core-1.2.11.tgz",
      "integrity": "sha512-bsTtXlqJKoqnHwOZ05NePGpBf/neuwHTzJtQegQ9GA8YLyjow1wn8vPXFiRtYL0UqASEDtFtAm2bcaieg7r/TQ==",
      "dev": true,
      "license": "MIT",
      "dependencies": {
        "@rspack/core": "1.2.3",
        "@rspack/lite-tapable": "~1.0.1",
        "@swc/helpers": "^0.5.15",
        "core-js": "~3.40.0"
      },
      "bin": {
        "rsbuild": "bin/rsbuild.js"
      },
      "engines": {
        "node": ">=16.7.0"
      }
    },
    "node_modules/@rslib/core": {
      "version": "0.5.1",
      "resolved": "https://registry.npmjs.org/@rslib/core/-/core-0.5.1.tgz",
      "integrity": "sha512-dxJUSrs3pKC4eIkrH1cIWVKRG/LbyluMPt4HVzcaeytow0385AhlJ+vAyXYHLBiU3fI68EASJcvx/IdHIjdYAQ==",
      "dev": true,
      "license": "MIT",
      "dependencies": {
        "@rsbuild/core": "~1.2.10",
        "rsbuild-plugin-dts": "0.5.1",
        "tinyglobby": "^0.2.12"
      },
      "bin": {
        "rslib": "bin/rslib.js"
      },
      "engines": {
        "node": ">=16.0.0"
      },
      "peerDependencies": {
        "@microsoft/api-extractor": "^7",
        "typescript": "^5"
      },
      "peerDependenciesMeta": {
        "@microsoft/api-extractor": {
          "optional": true
        },
        "typescript": {
          "optional": true
        }
      }
    },
    "node_modules/@rspack/binding": {
      "version": "1.2.3",
      "resolved": "https://registry.npmjs.org/@rspack/binding/-/binding-1.2.3.tgz",
      "integrity": "sha512-enpOXZPQOJO800wdWcR7H5Dx5UZfwkaT0D0xsHD53WbpI09Z2KJbLX7I/i1FLLy3K1KQTB+2FIHLVdRikasXZA==",
      "dev": true,
      "license": "MIT",
      "optionalDependencies": {
        "@rspack/binding-darwin-arm64": "1.2.3",
        "@rspack/binding-darwin-x64": "1.2.3",
        "@rspack/binding-linux-arm64-gnu": "1.2.3",
        "@rspack/binding-linux-arm64-musl": "1.2.3",
        "@rspack/binding-linux-x64-gnu": "1.2.3",
        "@rspack/binding-linux-x64-musl": "1.2.3",
        "@rspack/binding-win32-arm64-msvc": "1.2.3",
        "@rspack/binding-win32-ia32-msvc": "1.2.3",
        "@rspack/binding-win32-x64-msvc": "1.2.3"
      }
    },
    "node_modules/@rspack/binding-darwin-arm64": {
      "version": "1.2.3",
      "resolved": "https://registry.npmjs.org/@rspack/binding-darwin-arm64/-/binding-darwin-arm64-1.2.3.tgz",
      "integrity": "sha512-xuwYzhPgNCr4BtKXCU3xe4249TFsXAZglIlbxv8Qs3PeIarrZMRddcqH2zUXi+nJavNw3yN12sCYEzk1f+O4FQ==",
      "cpu": [
        "arm64"
      ],
      "dev": true,
      "license": "MIT",
      "optional": true,
      "os": [
        "darwin"
      ]
    },
    "node_modules/@rspack/binding-darwin-x64": {
      "version": "1.2.3",
      "resolved": "https://registry.npmjs.org/@rspack/binding-darwin-x64/-/binding-darwin-x64-1.2.3.tgz",
      "integrity": "sha512-afiIN8elcrO2EtO27UN0qyZqu5FXGUdclud56DrhvEfnWS3GGxJEdjA8XUYVXkfCYakdXHucIJKlkkgaAjEvHg==",
      "cpu": [
        "x64"
      ],
      "dev": true,
      "license": "MIT",
      "optional": true,
      "os": [
        "darwin"
      ]
    },
    "node_modules/@rspack/binding-linux-arm64-gnu": {
      "version": "1.2.3",
      "resolved": "https://registry.npmjs.org/@rspack/binding-linux-arm64-gnu/-/binding-linux-arm64-gnu-1.2.3.tgz",
      "integrity": "sha512-K2u/fPUmKujlKSWL3q2zaUu8/6ZK/bOGKcqJSib8jdanQQ/GFKwKtPAFOOa/vvqbzhDocqKOobFR10FhgJqCHg==",
      "cpu": [
        "arm64"
      ],
      "dev": true,
      "license": "MIT",
      "optional": true,
      "os": [
        "linux"
      ]
    },
    "node_modules/@rspack/binding-linux-arm64-musl": {
      "version": "1.2.3",
      "resolved": "https://registry.npmjs.org/@rspack/binding-linux-arm64-musl/-/binding-linux-arm64-musl-1.2.3.tgz",
      "integrity": "sha512-mgovdzGb6cH9hQsjTyzDbfZWCPhTcoHcLro1P7UbiqcLPMDJp/k3Io9xV2/EJhaDA1aynIdq7XfY0fuk4+6Irw==",
      "cpu": [
        "arm64"
      ],
      "dev": true,
      "license": "MIT",
      "optional": true,
      "os": [
        "linux"
      ]
    },
    "node_modules/@rspack/binding-linux-x64-gnu": {
      "version": "1.2.3",
      "resolved": "https://registry.npmjs.org/@rspack/binding-linux-x64-gnu/-/binding-linux-x64-gnu-1.2.3.tgz",
      "integrity": "sha512-542lwJzB1RMGuVdBdA3cOWTlmL9okpOppHUBWcNCjmJM+9zTI+0jwjVe8HaqOqtuR8XzNsoCwT9QonU/GLcuhg==",
      "cpu": [
        "x64"
      ],
      "dev": true,
      "license": "MIT",
      "optional": true,
      "os": [
        "linux"
      ]
    },
    "node_modules/@rspack/binding-linux-x64-musl": {
      "version": "1.2.3",
      "resolved": "https://registry.npmjs.org/@rspack/binding-linux-x64-musl/-/binding-linux-x64-musl-1.2.3.tgz",
      "integrity": "sha512-dJromiREDcTWqzfCOI5y1IVoYmUnCv7vCp63AEq0+13fJJdk7+pcNN3VV2jOKpk9VECSvjg1c01wl+UzXAXFMw==",
      "cpu": [
        "x64"
      ],
      "dev": true,
      "license": "MIT",
      "optional": true,
      "os": [
        "linux"
      ]
    },
    "node_modules/@rspack/binding-win32-arm64-msvc": {
      "version": "1.2.3",
      "resolved": "https://registry.npmjs.org/@rspack/binding-win32-arm64-msvc/-/binding-win32-arm64-msvc-1.2.3.tgz",
      "integrity": "sha512-S8ZKddMMQDGy8jx/R0i2m1XrmfY2CpI+t6lIEpsuZuKUR4MbOGKN2DuL4MDnT3m8JaYvC8ihsvQjBXQCy3SNxQ==",
      "cpu": [
        "arm64"
      ],
      "dev": true,
      "license": "MIT",
      "optional": true,
      "os": [
        "win32"
      ]
    },
    "node_modules/@rspack/binding-win32-ia32-msvc": {
      "version": "1.2.3",
      "resolved": "https://registry.npmjs.org/@rspack/binding-win32-ia32-msvc/-/binding-win32-ia32-msvc-1.2.3.tgz",
      "integrity": "sha512-74lqSMKQJcJcgfFaxm+G9YVJSl2KK9/v4fRoMsWApztNy2qNgee+UguNBCOU6JLa3rVSj8Z5OVVDtJkGFrSvVg==",
      "cpu": [
        "ia32"
      ],
      "dev": true,
      "license": "MIT",
      "optional": true,
      "os": [
        "win32"
      ]
    },
    "node_modules/@rspack/binding-win32-x64-msvc": {
      "version": "1.2.3",
      "resolved": "https://registry.npmjs.org/@rspack/binding-win32-x64-msvc/-/binding-win32-x64-msvc-1.2.3.tgz",
      "integrity": "sha512-fcU532PgFdd5Bil8jwQW0Dcb/80oM6V0qSstGIxZ4M77t4t8e/PcukXfORTL71FfNQ64Rd4Dp6XRl1NHNJVxeg==",
      "cpu": [
        "x64"
      ],
      "dev": true,
      "license": "MIT",
      "optional": true,
      "os": [
        "win32"
      ]
    },
    "node_modules/@rspack/core": {
      "version": "1.2.3",
      "resolved": "https://registry.npmjs.org/@rspack/core/-/core-1.2.3.tgz",
      "integrity": "sha512-BFgdUYf05/hjjY9Nlwq8DpWaRJN5w2kTl8ZJi20SRL60oAx+ZD2ABT+fsPhBiFSmfTZDdvGGIq5e3vfRzoIuqg==",
      "dev": true,
      "license": "MIT",
      "dependencies": {
        "@module-federation/runtime-tools": "0.8.4",
        "@rspack/binding": "1.2.3",
        "@rspack/lite-tapable": "1.0.1",
        "caniuse-lite": "^1.0.30001616"
      },
      "engines": {
        "node": ">=16.0.0"
      },
      "peerDependencies": {
        "@rspack/tracing": "^1.x",
        "@swc/helpers": ">=0.5.1"
      },
      "peerDependenciesMeta": {
        "@rspack/tracing": {
          "optional": true
        },
        "@swc/helpers": {
          "optional": true
        }
      }
    },
    "node_modules/@rspack/lite-tapable": {
      "version": "1.0.1",
      "resolved": "https://registry.npmjs.org/@rspack/lite-tapable/-/lite-tapable-1.0.1.tgz",
      "integrity": "sha512-VynGOEsVw2s8TAlLf/uESfrgfrq2+rcXB1muPJYBWbsm1Oa6r5qVQhjA5ggM6z/coYPrsVMgovl3Ff7Q7OCp1w==",
      "dev": true,
      "license": "MIT",
      "engines": {
        "node": ">=16.0.0"
      }
    },
    "node_modules/@swc/helpers": {
      "version": "0.5.15",
      "resolved": "https://registry.npmjs.org/@swc/helpers/-/helpers-0.5.15.tgz",
      "integrity": "sha512-JQ5TuMi45Owi4/BIMAJBoSQoOJu12oOk/gADqlcUL9JEdHB8vyjUSsxqeNXnmXHjYKMi2WcYtezGEEhqUI/E2g==",
      "dev": true,
      "license": "Apache-2.0",
      "dependencies": {
        "tslib": "^2.8.0"
      }
    },
    "node_modules/@types/chrome": {
      "version": "0.0.301",
      "resolved": "https://registry.npmjs.org/@types/chrome/-/chrome-0.0.301.tgz",
      "integrity": "sha512-BljW7InXXOfDYr4nG79y5lnaklrZ0gmeTwCUkuCXK2+69dHnZIrg13KhXJE/HrcFUmy8NG/EK+RTGScsh/Hbiw==",
      "dev": true,
      "license": "MIT",
      "dependencies": {
        "@types/filesystem": "*",
        "@types/har-format": "*"
      }
    },
    "node_modules/@types/filesystem": {
      "version": "0.0.36",
      "resolved": "https://registry.npmjs.org/@types/filesystem/-/filesystem-0.0.36.tgz",
      "integrity": "sha512-vPDXOZuannb9FZdxgHnqSwAG/jvdGM8Wq+6N4D/d80z+D4HWH+bItqsZaVRQykAn6WEVeEkLm2oQigyHtgb0RA==",
      "dev": true,
      "license": "MIT",
      "dependencies": {
        "@types/filewriter": "*"
      }
    },
    "node_modules/@types/filewriter": {
      "version": "0.0.33",
      "resolved": "https://registry.npmjs.org/@types/filewriter/-/filewriter-0.0.33.tgz",
      "integrity": "sha512-xFU8ZXTw4gd358lb2jw25nxY9QAgqn2+bKKjKOYfNCzN4DKCFetK7sPtrlpg66Ywe3vWY9FNxprZawAh9wfJ3g==",
      "dev": true,
      "license": "MIT"
    },
    "node_modules/@types/har-format": {
      "version": "1.2.16",
      "resolved": "https://registry.npmjs.org/@types/har-format/-/har-format-1.2.16.tgz",
      "integrity": "sha512-fluxdy7ryD3MV6h8pTfTYpy/xQzCFC7m89nOH9y94cNqJ1mDIDPut7MnRHI3F6qRmh/cT2fUjG1MLdCNb4hE9A==",
      "dev": true,
      "license": "MIT"
    },
    "node_modules/@types/node": {
      "version": "22.13.5",
      "resolved": "https://registry.npmjs.org/@types/node/-/node-22.13.5.tgz",
      "integrity": "sha512-+lTU0PxZXn0Dr1NBtC7Y8cR21AJr87dLLU953CWA6pMxxv/UDc7jYAY90upcrie1nRcD6XNG5HOYEDtgW5TxAg==",
      "dev": true,
      "license": "MIT",
      "dependencies": {
        "undici-types": "~6.20.0"
      }
    },
    "node_modules/caniuse-lite": {
      "version": "1.0.30001700",
      "resolved": "https://registry.npmjs.org/caniuse-lite/-/caniuse-lite-1.0.30001700.tgz",
      "integrity": "sha512-2S6XIXwaE7K7erT8dY+kLQcpa5ms63XlRkMkReXjle+kf6c5g38vyMl+Z5y8dSxOFDhcFe+nxnn261PLxBSQsQ==",
      "dev": true,
      "funding": [
        {
          "type": "opencollective",
          "url": "https://opencollective.com/browserslist"
        },
        {
          "type": "tidelift",
          "url": "https://tidelift.com/funding/github/npm/caniuse-lite"
        },
        {
          "type": "github",
          "url": "https://github.com/sponsors/ai"
        }
      ],
      "license": "CC-BY-4.0"
    },
    "node_modules/core-js": {
      "version": "3.40.0",
      "resolved": "https://registry.npmjs.org/core-js/-/core-js-3.40.0.tgz",
      "integrity": "sha512-7vsMc/Lty6AGnn7uFpYT56QesI5D2Y/UkgKounk87OP9Z2H9Z8kj6jzcSGAxFmUtDOS0ntK6lbQz+Nsa0Jj6mQ==",
      "dev": true,
      "hasInstallScript": true,
      "license": "MIT",
      "funding": {
        "type": "opencollective",
        "url": "https://opencollective.com/core-js"
      }
    },
    "node_modules/fdir": {
      "version": "6.4.3",
      "resolved": "https://registry.npmjs.org/fdir/-/fdir-6.4.3.tgz",
      "integrity": "sha512-PMXmW2y1hDDfTSRc9gaXIuCCRpuoz3Kaz8cUelp3smouvfT632ozg2vrT6lJsHKKOF59YLbOGfAWGUcKEfRMQw==",
      "dev": true,
      "license": "MIT",
      "peerDependencies": {
        "picomatch": "^3 || ^4"
      },
      "peerDependenciesMeta": {
        "picomatch": {
          "optional": true
        }
      }
    },
    "node_modules/isomorphic-rslog": {
      "version": "0.0.6",
      "resolved": "https://registry.npmjs.org/isomorphic-rslog/-/isomorphic-rslog-0.0.6.tgz",
      "integrity": "sha512-HM0q6XqQ93psDlqvuViNs/Ea3hAyGDkIdVAHlrEocjjAwGrs1fZ+EdQjS9eUPacnYB7Y8SoDdSY3H8p3ce205A==",
      "dev": true,
      "license": "MIT",
      "engines": {
        "node": ">=14.17.6"
      }
    },
    "node_modules/json5": {
      "version": "2.2.3",
      "resolved": "https://registry.npmjs.org/json5/-/json5-2.2.3.tgz",
      "integrity": "sha512-XmOWe7eyHYH14cLdVPoyg+GOH3rYX++KpzrylJwSW98t3Nk+U8XOl8FWKOgwtzdb8lXGf6zYwDUzeHMWfxasyg==",
      "dev": true,
      "license": "MIT",
      "bin": {
        "json5": "lib/cli.js"
      },
      "engines": {
        "node": ">=6"
      }
    },
    "node_modules/magic-string": {
      "version": "0.30.17",
      "resolved": "https://registry.npmjs.org/magic-string/-/magic-string-0.30.17.tgz",
      "integrity": "sha512-sNPKHvyjVf7gyjwS4xGTaW/mCnF8wnjtifKBEhxfZ7E/S8tQ0rssrwGNn6q8JH/ohItJfSQp9mBtQYuTlH5QnA==",
      "dev": true,
      "license": "MIT",
      "dependencies": {
        "@jridgewell/sourcemap-codec": "^1.5.0"
      }
    },
    "node_modules/minimist": {
      "version": "1.2.8",
      "resolved": "https://registry.npmjs.org/minimist/-/minimist-1.2.8.tgz",
      "integrity": "sha512-2yyAR8qBkN3YuheJanUpWC5U3bb5osDywNB8RzDVlDwDHbocAJveqqj1u8+SVD7jkWT4yvsHCpWqqWqAxb0zCA==",
      "dev": true,
      "license": "MIT",
      "funding": {
        "url": "https://github.com/sponsors/ljharb"
      }
    },
    "node_modules/picocolors": {
      "version": "1.1.1",
      "resolved": "https://registry.npmjs.org/picocolors/-/picocolors-1.1.1.tgz",
      "integrity": "sha512-xceH2snhtb5M9liqDsmEw56le376mTZkEX/jEb/RxNFyegNul7eNslCXP9FDj/Lcu0X8KEyMceP2ntpaHrDEVA==",
      "dev": true,
      "license": "ISC"
    },
    "node_modules/picomatch": {
      "version": "4.0.2",
      "resolved": "https://registry.npmjs.org/picomatch/-/picomatch-4.0.2.tgz",
      "integrity": "sha512-M7BAV6Rlcy5u+m6oPhAPFgJTzAioX/6B0DxyvDlo9l8+T3nLKbrczg2WLUyzd45L8RqfUMyGPzekbMvX2Ldkwg==",
      "dev": true,
      "license": "MIT",
      "engines": {
        "node": ">=12"
      },
      "funding": {
        "url": "https://github.com/sponsors/jonschlinkert"
      }
    },
    "node_modules/rsbuild-plugin-dts": {
      "version": "0.5.1",
      "resolved": "https://registry.npmjs.org/rsbuild-plugin-dts/-/rsbuild-plugin-dts-0.5.1.tgz",
      "integrity": "sha512-8rlR0vtcp0ewSnxVbBMGNdXqCJ6xFZ/D+BkVWKEaHLZECy36PN3R3V/OfU7ODjJopI2hZkw7Yka/Wpsn2cp64g==",
      "dev": true,
      "license": "MIT",
      "dependencies": {
        "@ast-grep/napi": "^0.35.0",
        "magic-string": "^0.30.17",
        "picocolors": "1.1.1",
        "tinyglobby": "^0.2.12",
        "tsconfig-paths": "^4.2.0"
      },
      "engines": {
        "node": ">=16.0.0"
      },
      "peerDependencies": {
        "@microsoft/api-extractor": "^7",
        "@rsbuild/core": "1.x",
        "typescript": "^5"
      },
      "peerDependenciesMeta": {
        "@microsoft/api-extractor": {
          "optional": true
        },
        "typescript": {
          "optional": true
        }
      }
    },
    "node_modules/serialize-error": {
      "version": "12.0.0",
      "resolved": "https://registry.npmjs.org/serialize-error/-/serialize-error-12.0.0.tgz",
      "integrity": "sha512-ZYkZLAvKTKQXWuh5XpBw7CdbSzagarX39WyZ2H07CDLC5/KfsRGlIXV8d4+tfqX1M7916mRqR1QfNHSij+c9Pw==",
      "license": "MIT",
      "dependencies": {
        "type-fest": "^4.31.0"
      },
      "engines": {
        "node": ">=18"
      },
      "funding": {
        "url": "https://github.com/sponsors/sindresorhus"
      }
    },
    "node_modules/strip-bom": {
      "version": "3.0.0",
      "resolved": "https://registry.npmjs.org/strip-bom/-/strip-bom-3.0.0.tgz",
      "integrity": "sha512-vavAMRXOgBVNF6nyEEmL3DBK19iRpDcoIwW+swQ+CbGiu7lju6t+JklA1MHweoWtadgt4ISVUsXLyDq34ddcwA==",
      "dev": true,
      "license": "MIT",
      "engines": {
        "node": ">=4"
      }
    },
    "node_modules/tiny-uid": {
      "version": "1.1.2",
      "resolved": "https://registry.npmjs.org/tiny-uid/-/tiny-uid-1.1.2.tgz",
      "integrity": "sha512-0beRFXR+fv4C40ND2PqgNjq6iyB1dKXciKJjslLw0kPYCcR82aNd2b+Tt2yy06LimIlvtoehgvrm/fUZCutSfg==",
      "license": "MIT"
    },
    "node_modules/tinyglobby": {
      "version": "0.2.12",
      "resolved": "https://registry.npmjs.org/tinyglobby/-/tinyglobby-0.2.12.tgz",
      "integrity": "sha512-qkf4trmKSIiMTs/E63cxH+ojC2unam7rJ0WrauAzpT3ECNTxGRMlaXxVbfxMUC/w0LaYk6jQ4y/nGR9uBO3tww==",
      "dev": true,
      "license": "MIT",
      "dependencies": {
        "fdir": "^6.4.3",
        "picomatch": "^4.0.2"
      },
      "engines": {
        "node": ">=12.0.0"
      },
      "funding": {
        "url": "https://github.com/sponsors/SuperchupuDev"
      }
    },
    "node_modules/tsconfig-paths": {
      "version": "4.2.0",
      "resolved": "https://registry.npmjs.org/tsconfig-paths/-/tsconfig-paths-4.2.0.tgz",
      "integrity": "sha512-NoZ4roiN7LnbKn9QqE1amc9DJfzvZXxF4xDavcOWt1BPkdx+m+0gJuPM+S0vCe7zTJMYUP0R8pO2XMr+Y8oLIg==",
      "dev": true,
      "license": "MIT",
      "dependencies": {
        "json5": "^2.2.2",
        "minimist": "^1.2.6",
        "strip-bom": "^3.0.0"
      },
      "engines": {
        "node": ">=6"
      }
    },
    "node_modules/tslib": {
      "version": "2.8.1",
      "resolved": "https://registry.npmjs.org/tslib/-/tslib-2.8.1.tgz",
      "integrity": "sha512-oJFu94HQb+KVduSUQL7wnpmqnfmLsOA/nAh6b6EH0wCEoK0/mPeXU6c3wKDV83MkOuHPRHtSXKKU99IBazS/2w==",
      "dev": true,
      "license": "0BSD"
    },
    "node_modules/type-fest": {
      "version": "4.33.0",
      "resolved": "https://registry.npmjs.org/type-fest/-/type-fest-4.33.0.tgz",
      "integrity": "sha512-s6zVrxuyKbbAsSAD5ZPTB77q4YIdRctkTbJ2/Dqlinwz+8ooH2gd+YA7VA6Pa93KML9GockVvoxjZ2vHP+mu8g==",
      "license": "(MIT OR CC0-1.0)",
      "engines": {
        "node": ">=16"
      },
      "funding": {
        "url": "https://github.com/sponsors/sindresorhus"
      }
    },
    "node_modules/typescript": {
      "version": "5.7.3",
      "resolved": "https://registry.npmjs.org/typescript/-/typescript-5.7.3.tgz",
      "integrity": "sha512-84MVSjMEHP+FQRPy3pX9sTVV/INIex71s9TL2Gm5FG/WG1SqXeKyZ0k7/blY/4FdOzI12CBy1vGc4og/eus0fw==",
      "dev": true,
      "license": "Apache-2.0",
      "bin": {
        "tsc": "bin/tsc",
        "tsserver": "bin/tsserver"
      },
      "engines": {
        "node": ">=14.17"
      }
    },
    "node_modules/undici-types": {
      "version": "6.20.0",
      "resolved": "https://registry.npmjs.org/undici-types/-/undici-types-6.20.0.tgz",
      "integrity": "sha512-Ny6QZ2Nju20vw1SRHe3d9jVu6gJ+4e3+MMpqu7pqE5HT6WsTSlce++GQmK5UXS8mzV8DSYHrQH+Xrf2jVcuKNg==",
      "dev": true,
      "license": "MIT"
    }
  }
}
